// !$*UTF8*$!
{
	archiveVersion = 1;
	classes = {
	};
	objectVersion = 55;
	objects = {

/* Begin PBXBuildFile section */
		B6BE527A28C7C369002F033F /* Tests_iOS.swift in Sources */ = {isa = PBXBuildFile; fileRef = B6BE527928C7C369002F033F /* Tests_iOS.swift */; };
		B6BE527C28C7C369002F033F /* Tests_iOSLaunchTests.swift in Sources */ = {isa = PBXBuildFile; fileRef = B6BE527B28C7C369002F033F /* Tests_iOSLaunchTests.swift */; };
		B6BE528628C7C369002F033F /* Tests_macOS.swift in Sources */ = {isa = PBXBuildFile; fileRef = B6BE528528C7C369002F033F /* Tests_macOS.swift */; };
		B6BE528828C7C369002F033F /* Tests_macOSLaunchTests.swift in Sources */ = {isa = PBXBuildFile; fileRef = B6BE528728C7C369002F033F /* Tests_macOSLaunchTests.swift */; };
		B6BE528928C7C369002F033F /* CalculatorApp.swift in Sources */ = {isa = PBXBuildFile; fileRef = B6BE526128C7C367002F033F /* CalculatorApp.swift */; };
		B6BE528A28C7C369002F033F /* CalculatorApp.swift in Sources */ = {isa = PBXBuildFile; fileRef = B6BE526128C7C367002F033F /* CalculatorApp.swift */; };
		B6BE528B28C7C369002F033F /* ContentView.swift in Sources */ = {isa = PBXBuildFile; fileRef = B6BE526228C7C367002F033F /* ContentView.swift */; };
		B6BE528C28C7C369002F033F /* ContentView.swift in Sources */ = {isa = PBXBuildFile; fileRef = B6BE526228C7C367002F033F /* ContentView.swift */; };
		B6BE528D28C7C369002F033F /* Assets.xcassets in Resources */ = {isa = PBXBuildFile; fileRef = B6BE526328C7C369002F033F /* Assets.xcassets */; };
		B6BE528E28C7C369002F033F /* Assets.xcassets in Resources */ = {isa = PBXBuildFile; fileRef = B6BE526328C7C369002F033F /* Assets.xcassets */; };
		B6BE529E28C7C597002F033F /* CalculatorBrain.swift in Sources */ = {isa = PBXBuildFile; fileRef = B6BE529D28C7C597002F033F /* CalculatorBrain.swift */; };
		B6BE529F28C7C597002F033F /* CalculatorBrain.swift in Sources */ = {isa = PBXBuildFile; fileRef = B6BE529D28C7C597002F033F /* CalculatorBrain.swift */; };
		B6BE52A128C7D095002F033F /* NumberValue.swift in Sources */ = {isa = PBXBuildFile; fileRef = B6BE52A028C7D095002F033F /* NumberValue.swift */; };
		B6BE52A228C7D095002F033F /* NumberValue.swift in Sources */ = {isa = PBXBuildFile; fileRef = B6BE52A028C7D095002F033F /* NumberValue.swift */; };
		B6BE52A528D1017B002F033F /* CalculatorView.swift in Sources */ = {isa = PBXBuildFile; fileRef = B6BE52A428D1017B002F033F /* CalculatorView.swift */; };
		B6BE52A628D1017B002F033F /* CalculatorView.swift in Sources */ = {isa = PBXBuildFile; fileRef = B6BE52A428D1017B002F033F /* CalculatorView.swift */; };
		B6BE52A828D103D2002F033F /* CalculatorViewModel.swift in Sources */ = {isa = PBXBuildFile; fileRef = B6BE52A728D103D2002F033F /* CalculatorViewModel.swift */; };
		B6BE52A928D103D2002F033F /* CalculatorViewModel.swift in Sources */ = {isa = PBXBuildFile; fileRef = B6BE52A728D103D2002F033F /* CalculatorViewModel.swift */; };
/* End PBXBuildFile section */

/* Begin PBXContainerItemProxy section */
		B6BE527628C7C369002F033F /* PBXContainerItemProxy */ = {
			isa = PBXContainerItemProxy;
			containerPortal = B6BE525C28C7C367002F033F /* Project object */;
			proxyType = 1;
			remoteGlobalIDString = B6BE526728C7C369002F033F;
			remoteInfo = "Calculator (iOS)";
		};
		B6BE528228C7C369002F033F /* PBXContainerItemProxy */ = {
			isa = PBXContainerItemProxy;
			containerPortal = B6BE525C28C7C367002F033F /* Project object */;
			proxyType = 1;
			remoteGlobalIDString = B6BE526D28C7C369002F033F;
			remoteInfo = "Calculator (macOS)";
		};
/* End PBXContainerItemProxy section */

/* Begin PBXFileReference section */
		B6BE526128C7C367002F033F /* CalculatorApp.swift */ = {isa = PBXFileReference; lastKnownFileType = sourcecode.swift; path = CalculatorApp.swift; sourceTree = "<group>"; };
		B6BE526228C7C367002F033F /* ContentView.swift */ = {isa = PBXFileReference; lastKnownFileType = sourcecode.swift; path = ContentView.swift; sourceTree = "<group>"; };
		B6BE526328C7C369002F033F /* Assets.xcassets */ = {isa = PBXFileReference; lastKnownFileType = folder.assetcatalog; path = Assets.xcassets; sourceTree = "<group>"; };
		B6BE526828C7C369002F033F /* Calculator-Swift.app */ = {isa = PBXFileReference; explicitFileType = wrapper.application; includeInIndex = 0; path = "Calculator-Swift.app"; sourceTree = BUILT_PRODUCTS_DIR; };
		B6BE526E28C7C369002F033F /* Calculator-Swift.app */ = {isa = PBXFileReference; explicitFileType = wrapper.application; includeInIndex = 0; path = "Calculator-Swift.app"; sourceTree = BUILT_PRODUCTS_DIR; };
		B6BE527028C7C369002F033F /* macOS.entitlements */ = {isa = PBXFileReference; lastKnownFileType = text.plist.entitlements; path = macOS.entitlements; sourceTree = "<group>"; };
		B6BE527528C7C369002F033F /* Tests iOS.xctest */ = {isa = PBXFileReference; explicitFileType = wrapper.cfbundle; includeInIndex = 0; path = "Tests iOS.xctest"; sourceTree = BUILT_PRODUCTS_DIR; };
		B6BE527928C7C369002F033F /* Tests_iOS.swift */ = {isa = PBXFileReference; lastKnownFileType = sourcecode.swift; path = Tests_iOS.swift; sourceTree = "<group>"; };
		B6BE527B28C7C369002F033F /* Tests_iOSLaunchTests.swift */ = {isa = PBXFileReference; lastKnownFileType = sourcecode.swift; path = Tests_iOSLaunchTests.swift; sourceTree = "<group>"; };
		B6BE528128C7C369002F033F /* Tests macOS.xctest */ = {isa = PBXFileReference; explicitFileType = wrapper.cfbundle; includeInIndex = 0; path = "Tests macOS.xctest"; sourceTree = BUILT_PRODUCTS_DIR; };
		B6BE528528C7C369002F033F /* Tests_macOS.swift */ = {isa = PBXFileReference; lastKnownFileType = sourcecode.swift; path = Tests_macOS.swift; sourceTree = "<group>"; };
		B6BE528728C7C369002F033F /* Tests_macOSLaunchTests.swift */ = {isa = PBXFileReference; lastKnownFileType = sourcecode.swift; path = Tests_macOSLaunchTests.swift; sourceTree = "<group>"; };
		B6BE529D28C7C597002F033F /* CalculatorBrain.swift */ = {isa = PBXFileReference; lastKnownFileType = sourcecode.swift; path = CalculatorBrain.swift; sourceTree = "<group>"; };
		B6BE52A028C7D095002F033F /* NumberValue.swift */ = {isa = PBXFileReference; lastKnownFileType = sourcecode.swift; path = NumberValue.swift; sourceTree = "<group>"; };
		B6BE52A428D1017B002F033F /* CalculatorView.swift */ = {isa = PBXFileReference; lastKnownFileType = sourcecode.swift; path = CalculatorView.swift; sourceTree = "<group>"; };
		B6BE52A728D103D2002F033F /* CalculatorViewModel.swift */ = {isa = PBXFileReference; lastKnownFileType = sourcecode.swift; path = CalculatorViewModel.swift; sourceTree = "<group>"; };
/* End PBXFileReference section */

/* Begin PBXFrameworksBuildPhase section */
		B6BE526528C7C369002F033F /* Frameworks */ = {
			isa = PBXFrameworksBuildPhase;
			buildActionMask = 2147483647;
			files = (
			);
			runOnlyForDeploymentPostprocessing = 0;
		};
		B6BE526B28C7C369002F033F /* Frameworks */ = {
			isa = PBXFrameworksBuildPhase;
			buildActionMask = 2147483647;
			files = (
			);
			runOnlyForDeploymentPostprocessing = 0;
		};
		B6BE527228C7C369002F033F /* Frameworks */ = {
			isa = PBXFrameworksBuildPhase;
			buildActionMask = 2147483647;
			files = (
			);
			runOnlyForDeploymentPostprocessing = 0;
		};
		B6BE527E28C7C369002F033F /* Frameworks */ = {
			isa = PBXFrameworksBuildPhase;
			buildActionMask = 2147483647;
			files = (
			);
			runOnlyForDeploymentPostprocessing = 0;
		};
/* End PBXFrameworksBuildPhase section */

/* Begin PBXGroup section */
		B6BE525B28C7C367002F033F = {
			isa = PBXGroup;
			children = (
				B6BE526028C7C367002F033F /* Shared */,
				B6BE526F28C7C369002F033F /* macOS */,
				B6BE527828C7C369002F033F /* Tests iOS */,
				B6BE528428C7C369002F033F /* Tests macOS */,
				B6BE526928C7C369002F033F /* Products */,
			);
			sourceTree = "<group>";
		};
		B6BE526028C7C367002F033F /* Shared */ = {
			isa = PBXGroup;
			children = (
				B6BE526128C7C367002F033F /* CalculatorApp.swift */,
				B6BE526228C7C367002F033F /* ContentView.swift */,
				B6BE52A328C7D0A1002F033F /* Models */,
				B6BE526328C7C369002F033F /* Assets.xcassets */,
			);
			path = Shared;
			sourceTree = "<group>";
		};
		B6BE526928C7C369002F033F /* Products */ = {
			isa = PBXGroup;
			children = (
				B6BE526828C7C369002F033F /* Calculator-Swift.app */,
				B6BE526E28C7C369002F033F /* Calculator-Swift.app */,
				B6BE527528C7C369002F033F /* Tests iOS.xctest */,
				B6BE528128C7C369002F033F /* Tests macOS.xctest */,
			);
			name = Products;
			sourceTree = "<group>";
		};
		B6BE526F28C7C369002F033F /* macOS */ = {
			isa = PBXGroup;
			children = (
				B6BE527028C7C369002F033F /* macOS.entitlements */,
			);
			path = macOS;
			sourceTree = "<group>";
		};
		B6BE527828C7C369002F033F /* Tests iOS */ = {
			isa = PBXGroup;
			children = (
				B6BE527928C7C369002F033F /* Tests_iOS.swift */,
				B6BE527B28C7C369002F033F /* Tests_iOSLaunchTests.swift */,
			);
			path = "Tests iOS";
			sourceTree = "<group>";
		};
		B6BE528428C7C369002F033F /* Tests macOS */ = {
			isa = PBXGroup;
			children = (
				B6BE528528C7C369002F033F /* Tests_macOS.swift */,
				B6BE528728C7C369002F033F /* Tests_macOSLaunchTests.swift */,
			);
			path = "Tests macOS";
			sourceTree = "<group>";
		};
		B6BE52A328C7D0A1002F033F /* Models */ = {
			isa = PBXGroup;
			children = (
				B6BE529D28C7C597002F033F /* CalculatorBrain.swift */,
				B6BE52A028C7D095002F033F /* NumberValue.swift */,
				B6BE52A428D1017B002F033F /* CalculatorView.swift */,
				B6BE52A728D103D2002F033F /* CalculatorViewModel.swift */,
			);
			path = Models;
			sourceTree = "<group>";
		};
/* End PBXGroup section */

/* Begin PBXNativeTarget section */
		B6BE526728C7C369002F033F /* Calculator-Swift (iOS) */ = {
			isa = PBXNativeTarget;
			buildConfigurationList = B6BE529128C7C369002F033F /* Build configuration list for PBXNativeTarget "Calculator-Swift (iOS)" */;
			buildPhases = (
				B6BE526428C7C369002F033F /* Sources */,
				B6BE526528C7C369002F033F /* Frameworks */,
				B6BE526628C7C369002F033F /* Resources */,
			);
			buildRules = (
			);
			dependencies = (
			);
			name = "Calculator-Swift (iOS)";
			productName = "Calculator (iOS)";
			productReference = B6BE526828C7C369002F033F /* Calculator-Swift.app */;
			productType = "com.apple.product-type.application";
		};
		B6BE526D28C7C369002F033F /* Calculator-Swift (macOS) */ = {
			isa = PBXNativeTarget;
			buildConfigurationList = B6BE529428C7C369002F033F /* Build configuration list for PBXNativeTarget "Calculator-Swift (macOS)" */;
			buildPhases = (
				B6BE526A28C7C369002F033F /* Sources */,
				B6BE526B28C7C369002F033F /* Frameworks */,
				B6BE526C28C7C369002F033F /* Resources */,
			);
			buildRules = (
			);
			dependencies = (
			);
			name = "Calculator-Swift (macOS)";
			productName = "Calculator (macOS)";
			productReference = B6BE526E28C7C369002F033F /* Calculator-Swift.app */;
			productType = "com.apple.product-type.application";
		};
		B6BE527428C7C369002F033F /* Tests iOS */ = {
			isa = PBXNativeTarget;
			buildConfigurationList = B6BE529728C7C369002F033F /* Build configuration list for PBXNativeTarget "Tests iOS" */;
			buildPhases = (
				B6BE527128C7C369002F033F /* Sources */,
				B6BE527228C7C369002F033F /* Frameworks */,
				B6BE527328C7C369002F033F /* Resources */,
			);
			buildRules = (
			);
			dependencies = (
				B6BE527728C7C369002F033F /* PBXTargetDependency */,
			);
			name = "Tests iOS";
			productName = "Tests iOS";
			productReference = B6BE527528C7C369002F033F /* Tests iOS.xctest */;
			productType = "com.apple.product-type.bundle.ui-testing";
		};
		B6BE528028C7C369002F033F /* Tests macOS */ = {
			isa = PBXNativeTarget;
			buildConfigurationList = B6BE529A28C7C369002F033F /* Build configuration list for PBXNativeTarget "Tests macOS" */;
			buildPhases = (
				B6BE527D28C7C369002F033F /* Sources */,
				B6BE527E28C7C369002F033F /* Frameworks */,
				B6BE527F28C7C369002F033F /* Resources */,
			);
			buildRules = (
			);
			dependencies = (
				B6BE528328C7C369002F033F /* PBXTargetDependency */,
			);
			name = "Tests macOS";
			productName = "Tests macOS";
			productReference = B6BE528128C7C369002F033F /* Tests macOS.xctest */;
			productType = "com.apple.product-type.bundle.ui-testing";
		};
/* End PBXNativeTarget section */

/* Begin PBXProject section */
		B6BE525C28C7C367002F033F /* Project object */ = {
			isa = PBXProject;
			attributes = {
				BuildIndependentTargetsInParallel = 1;
				LastSwiftUpdateCheck = 1340;
				LastUpgradeCheck = 1340;
				TargetAttributes = {
					B6BE526728C7C369002F033F = {
						CreatedOnToolsVersion = 13.4;
					};
					B6BE526D28C7C369002F033F = {
						CreatedOnToolsVersion = 13.4;
					};
					B6BE527428C7C369002F033F = {
						CreatedOnToolsVersion = 13.4;
						TestTargetID = B6BE526728C7C369002F033F;
					};
					B6BE528028C7C369002F033F = {
						CreatedOnToolsVersion = 13.4;
						TestTargetID = B6BE526D28C7C369002F033F;
					};
				};
			};
			buildConfigurationList = B6BE525F28C7C367002F033F /* Build configuration list for PBXProject "Calculator-Swift" */;
			compatibilityVersion = "Xcode 13.0";
			developmentRegion = en;
			hasScannedForEncodings = 0;
			knownRegions = (
				en,
				Base,
			);
			mainGroup = B6BE525B28C7C367002F033F;
			productRefGroup = B6BE526928C7C369002F033F /* Products */;
			projectDirPath = "";
			projectRoot = "";
			targets = (
				B6BE526728C7C369002F033F /* Calculator-Swift (iOS) */,
				B6BE526D28C7C369002F033F /* Calculator-Swift (macOS) */,
				B6BE527428C7C369002F033F /* Tests iOS */,
				B6BE528028C7C369002F033F /* Tests macOS */,
			);
		};
/* End PBXProject section */

/* Begin PBXResourcesBuildPhase section */
		B6BE526628C7C369002F033F /* Resources */ = {
			isa = PBXResourcesBuildPhase;
			buildActionMask = 2147483647;
			files = (
				B6BE528D28C7C369002F033F /* Assets.xcassets in Resources */,
			);
			runOnlyForDeploymentPostprocessing = 0;
		};
		B6BE526C28C7C369002F033F /* Resources */ = {
			isa = PBXResourcesBuildPhase;
			buildActionMask = 2147483647;
			files = (
				B6BE528E28C7C369002F033F /* Assets.xcassets in Resources */,
			);
			runOnlyForDeploymentPostprocessing = 0;
		};
		B6BE527328C7C369002F033F /* Resources */ = {
			isa = PBXResourcesBuildPhase;
			buildActionMask = 2147483647;
			files = (
			);
			runOnlyForDeploymentPostprocessing = 0;
		};
		B6BE527F28C7C369002F033F /* Resources */ = {
			isa = PBXResourcesBuildPhase;
			buildActionMask = 2147483647;
			files = (
			);
			runOnlyForDeploymentPostprocessing = 0;
		};
/* End PBXResourcesBuildPhase section */

/* Begin PBXSourcesBuildPhase section */
		B6BE526428C7C369002F033F /* Sources */ = {
			isa = PBXSourcesBuildPhase;
			buildActionMask = 2147483647;
			files = (
				B6BE529E28C7C597002F033F /* CalculatorBrain.swift in Sources */,
				B6BE52A528D1017B002F033F /* CalculatorView.swift in Sources */,
				B6BE528B28C7C369002F033F /* ContentView.swift in Sources */,
				B6BE52A128C7D095002F033F /* NumberValue.swift in Sources */,
				B6BE52A828D103D2002F033F /* CalculatorViewModel.swift in Sources */,
				B6BE528928C7C369002F033F /* CalculatorApp.swift in Sources */,
			);
			runOnlyForDeploymentPostprocessing = 0;
		};
		B6BE526A28C7C369002F033F /* Sources */ = {
			isa = PBXSourcesBuildPhase;
			buildActionMask = 2147483647;
			files = (
				B6BE529F28C7C597002F033F /* CalculatorBrain.swift in Sources */,
				B6BE52A628D1017B002F033F /* CalculatorView.swift in Sources */,
				B6BE528C28C7C369002F033F /* ContentView.swift in Sources */,
				B6BE52A228C7D095002F033F /* NumberValue.swift in Sources */,
				B6BE52A928D103D2002F033F /* CalculatorViewModel.swift in Sources */,
				B6BE528A28C7C369002F033F /* CalculatorApp.swift in Sources */,
			);
			runOnlyForDeploymentPostprocessing = 0;
		};
		B6BE527128C7C369002F033F /* Sources */ = {
			isa = PBXSourcesBuildPhase;
			buildActionMask = 2147483647;
			files = (
				B6BE527C28C7C369002F033F /* Tests_iOSLaunchTests.swift in Sources */,
				B6BE527A28C7C369002F033F /* Tests_iOS.swift in Sources */,
			);
			runOnlyForDeploymentPostprocessing = 0;
		};
		B6BE527D28C7C369002F033F /* Sources */ = {
			isa = PBXSourcesBuildPhase;
			buildActionMask = 2147483647;
			files = (
				B6BE528828C7C369002F033F /* Tests_macOSLaunchTests.swift in Sources */,
				B6BE528628C7C369002F033F /* Tests_macOS.swift in Sources */,
			);
			runOnlyForDeploymentPostprocessing = 0;
		};
/* End PBXSourcesBuildPhase section */

/* Begin PBXTargetDependency section */
		B6BE527728C7C369002F033F /* PBXTargetDependency */ = {
			isa = PBXTargetDependency;
			target = B6BE526728C7C369002F033F /* Calculator-Swift (iOS) */;
			targetProxy = B6BE527628C7C369002F033F /* PBXContainerItemProxy */;
		};
		B6BE528328C7C369002F033F /* PBXTargetDependency */ = {
			isa = PBXTargetDependency;
			target = B6BE526D28C7C369002F033F /* Calculator-Swift (macOS) */;
			targetProxy = B6BE528228C7C369002F033F /* PBXContainerItemProxy */;
		};
/* End PBXTargetDependency section */

/* Begin XCBuildConfiguration section */
		B6BE528F28C7C369002F033F /* Debug */ = {
			isa = XCBuildConfiguration;
			buildSettings = {
				ALWAYS_SEARCH_USER_PATHS = NO;
				CLANG_ANALYZER_NONNULL = YES;
				CLANG_ANALYZER_NUMBER_OBJECT_CONVERSION = YES_AGGRESSIVE;
				CLANG_CXX_LANGUAGE_STANDARD = "gnu++17";
				CLANG_ENABLE_MODULES = YES;
				CLANG_ENABLE_OBJC_ARC = YES;
				CLANG_ENABLE_OBJC_WEAK = YES;
				CLANG_WARN_BLOCK_CAPTURE_AUTORELEASING = YES;
				CLANG_WARN_BOOL_CONVERSION = YES;
				CLANG_WARN_COMMA = YES;
				CLANG_WARN_CONSTANT_CONVERSION = YES;
				CLANG_WARN_DEPRECATED_OBJC_IMPLEMENTATIONS = YES;
				CLANG_WARN_DIRECT_OBJC_ISA_USAGE = YES_ERROR;
				CLANG_WARN_DOCUMENTATION_COMMENTS = YES;
				CLANG_WARN_EMPTY_BODY = YES;
				CLANG_WARN_ENUM_CONVERSION = YES;
				CLANG_WARN_INFINITE_RECURSION = YES;
				CLANG_WARN_INT_CONVERSION = YES;
				CLANG_WARN_NON_LITERAL_NULL_CONVERSION = YES;
				CLANG_WARN_OBJC_IMPLICIT_RETAIN_SELF = YES;
				CLANG_WARN_OBJC_LITERAL_CONVERSION = YES;
				CLANG_WARN_OBJC_ROOT_CLASS = YES_ERROR;
				CLANG_WARN_QUOTED_INCLUDE_IN_FRAMEWORK_HEADER = YES;
				CLANG_WARN_RANGE_LOOP_ANALYSIS = YES;
				CLANG_WARN_STRICT_PROTOTYPES = YES;
				CLANG_WARN_SUSPICIOUS_MOVE = YES;
				CLANG_WARN_UNGUARDED_AVAILABILITY = YES_AGGRESSIVE;
				CLANG_WARN_UNREACHABLE_CODE = YES;
				CLANG_WARN__DUPLICATE_METHOD_MATCH = YES;
				COPY_PHASE_STRIP = NO;
				DEBUG_INFORMATION_FORMAT = dwarf;
				ENABLE_STRICT_OBJC_MSGSEND = YES;
				ENABLE_TESTABILITY = YES;
				GCC_C_LANGUAGE_STANDARD = gnu11;
				GCC_DYNAMIC_NO_PIC = NO;
				GCC_NO_COMMON_BLOCKS = YES;
				GCC_OPTIMIZATION_LEVEL = 0;
				GCC_PREPROCESSOR_DEFINITIONS = (
					"DEBUG=1",
					"$(inherited)",
				);
				GCC_WARN_64_TO_32_BIT_CONVERSION = YES;
				GCC_WARN_ABOUT_RETURN_TYPE = YES_ERROR;
				GCC_WARN_UNDECLARED_SELECTOR = YES;
				GCC_WARN_UNINITIALIZED_AUTOS = YES_AGGRESSIVE;
				GCC_WARN_UNUSED_FUNCTION = YES;
				GCC_WARN_UNUSED_VARIABLE = YES;
				MTL_ENABLE_DEBUG_INFO = INCLUDE_SOURCE;
				MTL_FAST_MATH = YES;
				ONLY_ACTIVE_ARCH = YES;
				SWIFT_ACTIVE_COMPILATION_CONDITIONS = DEBUG;
				SWIFT_OPTIMIZATION_LEVEL = "-Onone";
			};
			name = Debug;
		};
		B6BE529028C7C369002F033F /* Release */ = {
			isa = XCBuildConfiguration;
			buildSettings = {
				ALWAYS_SEARCH_USER_PATHS = NO;
				CLANG_ANALYZER_NONNULL = YES;
				CLANG_ANALYZER_NUMBER_OBJECT_CONVERSION = YES_AGGRESSIVE;
				CLANG_CXX_LANGUAGE_STANDARD = "gnu++17";
				CLANG_ENABLE_MODULES = YES;
				CLANG_ENABLE_OBJC_ARC = YES;
				CLANG_ENABLE_OBJC_WEAK = YES;
				CLANG_WARN_BLOCK_CAPTURE_AUTORELEASING = YES;
				CLANG_WARN_BOOL_CONVERSION = YES;
				CLANG_WARN_COMMA = YES;
				CLANG_WARN_CONSTANT_CONVERSION = YES;
				CLANG_WARN_DEPRECATED_OBJC_IMPLEMENTATIONS = YES;
				CLANG_WARN_DIRECT_OBJC_ISA_USAGE = YES_ERROR;
				CLANG_WARN_DOCUMENTATION_COMMENTS = YES;
				CLANG_WARN_EMPTY_BODY = YES;
				CLANG_WARN_ENUM_CONVERSION = YES;
				CLANG_WARN_INFINITE_RECURSION = YES;
				CLANG_WARN_INT_CONVERSION = YES;
				CLANG_WARN_NON_LITERAL_NULL_CONVERSION = YES;
				CLANG_WARN_OBJC_IMPLICIT_RETAIN_SELF = YES;
				CLANG_WARN_OBJC_LITERAL_CONVERSION = YES;
				CLANG_WARN_OBJC_ROOT_CLASS = YES_ERROR;
				CLANG_WARN_QUOTED_INCLUDE_IN_FRAMEWORK_HEADER = YES;
				CLANG_WARN_RANGE_LOOP_ANALYSIS = YES;
				CLANG_WARN_STRICT_PROTOTYPES = YES;
				CLANG_WARN_SUSPICIOUS_MOVE = YES;
				CLANG_WARN_UNGUARDED_AVAILABILITY = YES_AGGRESSIVE;
				CLANG_WARN_UNREACHABLE_CODE = YES;
				CLANG_WARN__DUPLICATE_METHOD_MATCH = YES;
				COPY_PHASE_STRIP = NO;
				DEBUG_INFORMATION_FORMAT = "dwarf-with-dsym";
				ENABLE_NS_ASSERTIONS = NO;
				ENABLE_STRICT_OBJC_MSGSEND = YES;
				GCC_C_LANGUAGE_STANDARD = gnu11;
				GCC_NO_COMMON_BLOCKS = YES;
				GCC_WARN_64_TO_32_BIT_CONVERSION = YES;
				GCC_WARN_ABOUT_RETURN_TYPE = YES_ERROR;
				GCC_WARN_UNDECLARED_SELECTOR = YES;
				GCC_WARN_UNINITIALIZED_AUTOS = YES_AGGRESSIVE;
				GCC_WARN_UNUSED_FUNCTION = YES;
				GCC_WARN_UNUSED_VARIABLE = YES;
				MTL_ENABLE_DEBUG_INFO = NO;
				MTL_FAST_MATH = YES;
				SWIFT_COMPILATION_MODE = wholemodule;
				SWIFT_OPTIMIZATION_LEVEL = "-O";
			};
			name = Release;
		};
		B6BE529228C7C369002F033F /* Debug */ = {
			isa = XCBuildConfiguration;
			buildSettings = {
				ASSETCATALOG_COMPILER_APPICON_NAME = AppIcon;
				ASSETCATALOG_COMPILER_GLOBAL_ACCENT_COLOR_NAME = AccentColor;
				CODE_SIGN_STYLE = Automatic;
				CURRENT_PROJECT_VERSION = 1;
				ENABLE_PREVIEWS = YES;
				GENERATE_INFOPLIST_FILE = YES;
				INFOPLIST_KEY_UIApplicationSceneManifest_Generation = YES;
				INFOPLIST_KEY_UIApplicationSupportsIndirectInputEvents = YES;
				INFOPLIST_KEY_UILaunchScreen_Generation = YES;
				INFOPLIST_KEY_UISupportedInterfaceOrientations_iPad = "UIInterfaceOrientationPortrait UIInterfaceOrientationPortraitUpsideDown UIInterfaceOrientationLandscapeLeft UIInterfaceOrientationLandscapeRight";
				INFOPLIST_KEY_UISupportedInterfaceOrientations_iPhone = "UIInterfaceOrientationPortrait UIInterfaceOrientationLandscapeLeft UIInterfaceOrientationLandscapeRight";
				IPHONEOS_DEPLOYMENT_TARGET = 15.5;
				LD_RUNPATH_SEARCH_PATHS = (
					"$(inherited)",
					"@executable_path/Frameworks",
				);
				MARKETING_VERSION = 1.0;
				PRODUCT_BUNDLE_IDENTIFIER = Test.Calculator;
				PRODUCT_NAME = "Calculator-Swift";
				SDKROOT = iphoneos;
				SWIFT_EMIT_LOC_STRINGS = YES;
				SWIFT_VERSION = 5.0;
				TARGETED_DEVICE_FAMILY = "1,2";
			};
			name = Debug;
		};
		B6BE529328C7C369002F033F /* Release */ = {
			isa = XCBuildConfiguration;
			buildSettings = {
				ASSETCATALOG_COMPILER_APPICON_NAME = AppIcon;
				ASSETCATALOG_COMPILER_GLOBAL_ACCENT_COLOR_NAME = AccentColor;
				CODE_SIGN_STYLE = Automatic;
				CURRENT_PROJECT_VERSION = 1;
				ENABLE_PREVIEWS = YES;
				GENERATE_INFOPLIST_FILE = YES;
				INFOPLIST_KEY_UIApplicationSceneManifest_Generation = YES;
				INFOPLIST_KEY_UIApplicationSupportsIndirectInputEvents = YES;
				INFOPLIST_KEY_UILaunchScreen_Generation = YES;
				INFOPLIST_KEY_UISupportedInterfaceOrientations_iPad = "UIInterfaceOrientationPortrait UIInterfaceOrientationPortraitUpsideDown UIInterfaceOrientationLandscapeLeft UIInterfaceOrientationLandscapeRight";
				INFOPLIST_KEY_UISupportedInterfaceOrientations_iPhone = "UIInterfaceOrientationPortrait UIInterfaceOrientationLandscapeLeft UIInterfaceOrientationLandscapeRight";
				IPHONEOS_DEPLOYMENT_TARGET = 15.5;
				LD_RUNPATH_SEARCH_PATHS = (
					"$(inherited)",
					"@executable_path/Frameworks",
				);
				MARKETING_VERSION = 1.0;
				PRODUCT_BUNDLE_IDENTIFIER = Test.Calculator;
				PRODUCT_NAME = "Calculator-Swift";
				SDKROOT = iphoneos;
				SWIFT_EMIT_LOC_STRINGS = YES;
				SWIFT_VERSION = 5.0;
				TARGETED_DEVICE_FAMILY = "1,2";
				VALIDATE_PRODUCT = YES;
			};
			name = Release;
		};
		B6BE529528C7C369002F033F /* Debug */ = {
			isa = XCBuildConfiguration;
			buildSettings = {
				ASSETCATALOG_COMPILER_APPICON_NAME = AppIcon;
				ASSETCATALOG_COMPILER_GLOBAL_ACCENT_COLOR_NAME = AccentColor;
				CODE_SIGN_ENTITLEMENTS = macOS/macOS.entitlements;
				CODE_SIGN_STYLE = Automatic;
				COMBINE_HIDPI_IMAGES = YES;
				CURRENT_PROJECT_VERSION = 1;
				ENABLE_PREVIEWS = YES;
				GENERATE_INFOPLIST_FILE = YES;
				INFOPLIST_KEY_NSHumanReadableCopyright = "";
				LD_RUNPATH_SEARCH_PATHS = (
					"$(inherited)",
					"@executable_path/../Frameworks",
				);
				MACOSX_DEPLOYMENT_TARGET = 12.3;
				MARKETING_VERSION = 1.0;
				PRODUCT_BUNDLE_IDENTIFIER = Test.Calculator;
				PRODUCT_NAME = "Calculator-Swift";
				SDKROOT = macosx;
				SWIFT_EMIT_LOC_STRINGS = YES;
				SWIFT_VERSION = 5.0;
			};
			name = Debug;
		};
		B6BE529628C7C369002F033F /* Release */ = {
			isa = XCBuildConfiguration;
			buildSettings = {
				ASSETCATALOG_COMPILER_APPICON_NAME = AppIcon;
				ASSETCATALOG_COMPILER_GLOBAL_ACCENT_COLOR_NAME = AccentColor;
				CODE_SIGN_ENTITLEMENTS = macOS/macOS.entitlements;
				CODE_SIGN_STYLE = Automatic;
				COMBINE_HIDPI_IMAGES = YES;
				CURRENT_PROJECT_VERSION = 1;
				ENABLE_PREVIEWS = YES;
				GENERATE_INFOPLIST_FILE = YES;
				INFOPLIST_KEY_NSHumanReadableCopyright = "";
				LD_RUNPATH_SEARCH_PATHS = (
					"$(inherited)",
					"@executable_path/../Frameworks",
				);
				MACOSX_DEPLOYMENT_TARGET = 12.3;
				MARKETING_VERSION = 1.0;
				PRODUCT_BUNDLE_IDENTIFIER = Test.Calculator;
				PRODUCT_NAME = "Calculator-Swift";
				SDKROOT = macosx;
				SWIFT_EMIT_LOC_STRINGS = YES;
				SWIFT_VERSION = 5.0;
			};
			name = Release;
		};
		B6BE529828C7C369002F033F /* Debug */ = {
			isa = XCBuildConfiguration;
			buildSettings = {
				ALWAYS_EMBED_SWIFT_STANDARD_LIBRARIES = YES;
				CODE_SIGN_STYLE = Automatic;
				CURRENT_PROJECT_VERSION = 1;
				GENERATE_INFOPLIST_FILE = YES;
				IPHONEOS_DEPLOYMENT_TARGET = 15.5;
				MARKETING_VERSION = 1.0;
				PRODUCT_BUNDLE_IDENTIFIER = "Test.Tests-iOS";
				PRODUCT_NAME = "$(TARGET_NAME)";
				SDKROOT = iphoneos;
				SWIFT_EMIT_LOC_STRINGS = NO;
				SWIFT_VERSION = 5.0;
				TARGETED_DEVICE_FAMILY = "1,2";
				TEST_TARGET_NAME = "Calculator (iOS)";
			};
			name = Debug;
		};
		B6BE529928C7C369002F033F /* Release */ = {
			isa = XCBuildConfiguration;
			buildSettings = {
				ALWAYS_EMBED_SWIFT_STANDARD_LIBRARIES = YES;
				CODE_SIGN_STYLE = Automatic;
				CURRENT_PROJECT_VERSION = 1;
				GENERATE_INFOPLIST_FILE = YES;
				IPHONEOS_DEPLOYMENT_TARGET = 15.5;
				MARKETING_VERSION = 1.0;
				PRODUCT_BUNDLE_IDENTIFIER = "Test.Tests-iOS";
				PRODUCT_NAME = "$(TARGET_NAME)";
				SDKROOT = iphoneos;
				SWIFT_EMIT_LOC_STRINGS = NO;
				SWIFT_VERSION = 5.0;
				TARGETED_DEVICE_FAMILY = "1,2";
				TEST_TARGET_NAME = "Calculator (iOS)";
				VALIDATE_PRODUCT = YES;
			};
			name = Release;
		};
		B6BE529B28C7C369002F033F /* Debug */ = {
			isa = XCBuildConfiguration;
			buildSettings = {
				ALWAYS_EMBED_SWIFT_STANDARD_LIBRARIES = YES;
				CODE_SIGN_STYLE = Automatic;
				CURRENT_PROJECT_VERSION = 1;
				GENERATE_INFOPLIST_FILE = YES;
				MACOSX_DEPLOYMENT_TARGET = 12.3;
				MARKETING_VERSION = 1.0;
				PRODUCT_BUNDLE_IDENTIFIER = "Test.Tests-macOS";
				PRODUCT_NAME = "$(TARGET_NAME)";
				SDKROOT = macosx;
				SWIFT_EMIT_LOC_STRINGS = NO;
				SWIFT_VERSION = 5.0;
				TEST_TARGET_NAME = "Calculator (macOS)";
			};
			name = Debug;
		};
		B6BE529C28C7C369002F033F /* Release */ = {
			isa = XCBuildConfiguration;
			buildSettings = {
				ALWAYS_EMBED_SWIFT_STANDARD_LIBRARIES = YES;
				CODE_SIGN_STYLE = Automatic;
				CURRENT_PROJECT_VERSION = 1;
				GENERATE_INFOPLIST_FILE = YES;
				MACOSX_DEPLOYMENT_TARGET = 12.3;
				MARKETING_VERSION = 1.0;
				PRODUCT_BUNDLE_IDENTIFIER = "Test.Tests-macOS";
				PRODUCT_NAME = "$(TARGET_NAME)";
				SDKROOT = macosx;
				SWIFT_EMIT_LOC_STRINGS = NO;
				SWIFT_VERSION = 5.0;
				TEST_TARGET_NAME = "Calculator (macOS)";
			};
			name = Release;
		};
/* End XCBuildConfiguration section */

/* Begin XCConfigurationList section */
		B6BE525F28C7C367002F033F /* Build configuration list for PBXProject "Calculator-Swift" */ = {
			isa = XCConfigurationList;
			buildConfigurations = (
				B6BE528F28C7C369002F033F /* Debug */,
				B6BE529028C7C369002F033F /* Release */,
			);
			defaultConfigurationIsVisible = 0;
			defaultConfigurationName = Release;
		};
		B6BE529128C7C369002F033F /* Build configuration list for PBXNativeTarget "Calculator-Swift (iOS)" */ = {
			isa = XCConfigurationList;
			buildConfigurations = (
				B6BE529228C7C369002F033F /* Debug */,
				B6BE529328C7C369002F033F /* Release */,
			);
			defaultConfigurationIsVisible = 0;
			defaultConfigurationName = Release;
		};
		B6BE529428C7C369002F033F /* Build configuration list for PBXNativeTarget "Calculator-Swift (macOS)" */ = {
			isa = XCConfigurationList;
			buildConfigurations = (
				B6BE529528C7C369002F033F /* Debug */,
				B6BE529628C7C369002F033F /* Release */,
			);
			defaultConfigurationIsVisible = 0;
			defaultConfigurationName = Release;
		};
		B6BE529728C7C369002F033F /* Build configuration list for PBXNativeTarget "Tests iOS" */ = {
			isa = XCConfigurationList;
			buildConfigurations = (
				B6BE529828C7C369002F033F /* Debug */,
				B6BE529928C7C369002F033F /* Release */,
			);
			defaultConfigurationIsVisible = 0;
			defaultConfigurationName = Release;
		};
		B6BE529A28C7C369002F033F /* Build configuration list for PBXNativeTarget "Tests macOS" */ = {
			isa = XCConfigurationList;
			buildConfigurations = (
				B6BE529B28C7C369002F033F /* Debug */,
				B6BE529C28C7C369002F033F /* Release */,
			);
			defaultConfigurationIsVisible = 0;
			defaultConfigurationName = Release;
		};
/* End XCConfigurationList section */
	};
	rootObject = B6BE525C28C7C367002F033F /* Project object */;
}
